// !$*UTF8*$!
{
	archiveVersion = 1;
	classes = {
	};
	objectVersion = 110;
	objects = {

/* Begin PBXBuildFile section */
		55A66CFE305C4ABA001ADCDC /* WidgetKit.framework in Frameworks */ = {isa = PBXBuildFile; fileRef = 55A66CFD305C4ABA001ADCDC /* WidgetKit.framework */; };
		55A66D00305C4ABA001ADCDC /* SwiftUI.framework in Frameworks */ = {isa = PBXBuildFile; fileRef = 55A66CFF305C4ABA001ADCDC /* SwiftUI.framework */; };
		55A66D11305C4ABB001ADCDC /* LyricsWidgetExtensionExtension.appex in Embed Foundation Extensions */ = {isa = PBXBuildFile; fileRef = 55A66CFB305C4ABA001ADCDC /* LyricsWidgetExtensionExtension.appex */; settings = {ATTRIBUTES = (RemoveHeadersOnCopy, ); }; };
/* End PBXBuildFile section */

/* Begin PBXContainerItemProxy section */
		55A66D0F305C4ABB001ADCDC /* PBXContainerItemProxy */ = {
			isa = PBXContainerItemProxy;
			containerPortal = 55A66CC3305C3B32001ADCDC /* Project object */;
			proxyType = 1;
			remoteGlobalIDString = 55A66CFA305C4ABA001ADCDC;
			remoteInfo = LyricsWidgetExtensionExtension;
		};
/* End PBXContainerItemProxy section */

/* Begin PBXCopyFilesBuildPhase section */
		55A66D12305C4ABB001ADCDC /* Embed Foundation Extensions */ = {
			isa = PBXCopyFilesBuildPhase;
			dstPath = "";
			dstSubfolder = PlugIns;
			files = (
				55A66D11305C4ABB001ADCDC /* LyricsWidgetExtensionExtension.appex in Embed Foundation Extensions */,
			);
			name = "Embed Foundation Extensions";
		};
/* End PBXCopyFilesBuildPhase section */

/* Begin PBXFileReference section */
		55A66CCB305C3B32001ADCDC /* CarPlayLyrics.app */ = {isa = PBXFileReference; explicitFileType = wrapper.application; includeInIndex = 0; path = CarPlayLyrics.app; sourceTree = BUILT_PRODUCTS_DIR; };
		55A66CFB305C4ABA001ADCDC /* LyricsWidgetExtensionExtension.appex */ = {isa = PBXFileReference; explicitFileType = "wrapper.app-extension"; includeInIndex = 0; path = LyricsWidgetExtensionExtension.appex; sourceTree = BUILT_PRODUCTS_DIR; };
		55A66CFD305C4ABA001ADCDC /* WidgetKit.framework */ = {isa = PBXFileReference; lastKnownFileType = wrapper.framework; name = WidgetKit.framework; path = System/Library/Frameworks/WidgetKit.framework; sourceTree = SDKROOT; };
		55A66CFF305C4ABA001ADCDC /* SwiftUI.framework */ = {isa = PBXFileReference; lastKnownFileType = wrapper.framework; name = SwiftUI.framework; path = System/Library/Frameworks/SwiftUI.framework; sourceTree = SDKROOT; };
/* End PBXFileReference section */

/* Begin PBXFileSystemSynchronizedBuildFileExceptionSet section */
		55A66D15305C4ABB001ADCDC /* Exceptions for "LyricsWidgetExtension" folder in "LyricsWidgetExtensionExtension" target */ = {
			isa = PBXFileSystemSynchronizedBuildFileExceptionSet;
			membershipExceptions = (
				Info.plist,
			);
			target = 55A66CFA305C4ABA001ADCDC /* LyricsWidgetExtensionExtension */;
		};
/* End PBXFileSystemSynchronizedBuildFileExceptionSet section */

/* Begin PBXFileSystemSynchronizedRootGroup section */
		55A66CCD305C3B32001ADCDC /* CarPlayLyrics */ = {
			isa = PBXFileSystemSynchronizedRootGroup;
			path = CarPlayLyrics;
			sourceTree = "<group>";
		};
		55A66D01305C4ABA001ADCDC /* LyricsWidgetExtension */ = {
			isa = PBXFileSystemSynchronizedRootGroup;
			exceptions = (
				55A66D15305C4ABB001ADCDC /* Exceptions for "LyricsWidgetExtension" folder in "LyricsWidgetExtensionExtension" target */,
			);
			path = LyricsWidgetExtension;
			sourceTree = "<group>";
		};
		55A66D20305C4ABB001ADCDC /* Shared */ = {
			isa = PBXFileSystemSynchronizedRootGroup;
			path = Shared;
			sourceTree = "<group>";
		};
/* End PBXFileSystemSynchronizedRootGroup section */

/* Begin PBXFrameworksBuildPhase section */
		55A66CC8305C3B32001ADCDC /* Frameworks */ = {
			isa = PBXFrameworksBuildPhase;
			files = (
			);
		};
		55A66CF8305C4ABA001ADCDC /* Frameworks */ = {
			isa = PBXFrameworksBuildPhase;
			files = (
				55A66D00305C4ABA001ADCDC /* SwiftUI.framework in Frameworks */,
				55A66CFE305C4ABA001ADCDC /* WidgetKit.framework in Frameworks */,
			);
		};
/* End PBXFrameworksBuildPhase section */

/* Begin PBXGroup section */
		55A66CC2305C3B32001ADCDC = {
			isa = PBXGroup;
			children = (
				55A66CCD305C3B32001ADCDC /* CarPlayLyrics */,
				55A66D01305C4ABA001ADCDC /* LyricsWidgetExtension */,
				55A66D20305C4ABB001ADCDC /* Shared */,
				55A66CFC305C4ABA001ADCDC /* Frameworks */,
				55A66CCC305C3B32001ADCDC /* Products */,
			);
			sourceTree = "<group>";
		};
		55A66CCC305C3B32001ADCDC /* Products */ = {
			isa = PBXGroup;
			children = (
				55A66CCB305C3B32001ADCDC /* CarPlayLyrics.app */,
				55A66CFB305C4ABA001ADCDC /* LyricsWidgetExtensionExtension.appex */,
			);
			name = Products;
			sourceTree = "<group>";
		};
		55A66CFC305C4ABA001ADCDC /* Frameworks */ = {
			isa = PBXGroup;
			children = (
				55A66CFD305C4ABA001ADCDC /* WidgetKit.framework */,
				55A66CFF305C4ABA001ADCDC /* SwiftUI.framework */,
			);
			name = Frameworks;
			sourceTree = "<group>";
		};
/* End PBXGroup section */

/* Begin PBXNativeTarget section */
		55A66CCA305C3B32001ADCDC /* CarPlayLyrics */ = {
			isa = PBXNativeTarget;
			buildConfigurationList = 55A66CD6305C3B33001ADCDC /* Build configuration list for PBXNativeTarget "CarPlayLyrics" */;
			buildPhases = (
				55A66CC7305C3B32001ADCDC /* Sources */,
				55A66CC8305C3B32001ADCDC /* Frameworks */,
				55A66CC9305C3B32001ADCDC /* Resources */,
				55A66D12305C4ABB001ADCDC /* Embed Foundation Extensions */,
			);
			buildRules = (
			);
			dependencies = (
				55A66D10305C4ABB001ADCDC /* PBXTargetDependency */,
			);
			fileSystemSynchronizedGroups = (
				55A66CCD305C3B32001ADCDC /* CarPlayLyrics */,
				55A66D20305C4ABB001ADCDC /* Shared */,
			);
			name = CarPlayLyrics;
			productName = CarPlayLyrics;
			productReference = 55A66CCB305C3B32001ADCDC /* CarPlayLyrics.app */;
			productType = "com.apple.product-type.application";
		};
		55A66CFA305C4ABA001ADCDC /* LyricsWidgetExtensionExtension */ = {
			isa = PBXNativeTarget;
			buildConfigurationList = 55A66D16305C4ABB001ADCDC /* Build configuration list for PBXNativeTarget "LyricsWidgetExtensionExtension" */;
			buildPhases = (
				55A66CF7305C4ABA001ADCDC /* Sources */,
				55A66CF8305C4ABA001ADCDC /* Frameworks */,
				55A66CF9305C4ABA001ADCDC /* Resources */,
			);
			buildRules = (
			);
			fileSystemSynchronizedGroups = (
				55A66D01305C4ABA001ADCDC /* LyricsWidgetExtension */,
				55A66D20305C4ABB001ADCDC /* Shared */,
			);
			name = LyricsWidgetExtensionExtension;
			productName = LyricsWidgetExtensionExtension;
			productReference = 55A66CFB305C4ABA001ADCDC /* LyricsWidgetExtensionExtension.appex */;
			productType = "com.apple.product-type.app-extension";
		};
/* End PBXNativeTarget section */

/* Begin PBXProject section */
		55A66CC3305C3B32001ADCDC /* Project object */ = {
			isa = PBXProject;
			attributes = {
				BuildIndependentTargetsInParallel = 1;
				LastSwiftUpdateCheck = 2700;
				LastUpgradeCheck = 2700;
				TargetAttributes = {
					55A66CCA305C3B32001ADCDC = {
						CreatedOnToolsVersion = 27.0;
					};
					55A66CFA305C4ABA001ADCDC = {
						CreatedOnToolsVersion = 27.0;
					};
				};
			};
			buildConfigurationList = 55A66CC6305C3B32001ADCDC /* Build configuration list for PBXProject "CarPlayLyrics" */;
			developmentRegion = en;
			hasScannedForEncodings = 0;
			knownRegions = (
				en,
				Base,
			);
			mainGroup = 55A66CC2305C3B32001ADCDC;
			minimizedProjectReferenceProxies = 1;
			preferredProjectObjectVersion = 77;
			productRefGroup = 55A66CCC305C3B32001ADCDC /* Products */;
			projectDirPath = "";
			projectRoot = "";
			targets = (
				55A66CCA305C3B32001ADCDC /* CarPlayLyrics */,
				55A66CFA305C4ABA001ADCDC /* LyricsWidgetExtensionExtension */,
			);
		};
/* End PBXProject section */

/* Begin PBXResourcesBuildPhase section */
		55A66CC9305C3B32001ADCDC /* Resources */ = {
			isa = PBXResourcesBuildPhase;
			files = (
			);
		};
		55A66CF9305C4ABA001ADCDC /* Resources */ = {
			isa = PBXResourcesBuildPhase;
			files = (
			);
		};
/* End PBXResourcesBuildPhase section */

/* Begin PBXSourcesBuildPhase section */
		55A66CC7305C3B32001ADCDC /* Sources */ = {
			isa = PBXSourcesBuildPhase;
			files = (
			);
		};
		55A66CF7305C4ABA001ADCDC /* Sources */ = {
			isa = PBXSourcesBuildPhase;
			files = (
			);
		};
/* End PBXSourcesBuildPhase section */

/* Begin PBXTargetDependency section */
		55A66D10305C4ABB001ADCDC /* PBXTargetDependency */ = {
			isa = PBXTargetDependency;
			target = 55A66CFA305C4ABA001ADCDC /* LyricsWidgetExtensionExtension */;
			targetProxy = 55A66D0F305C4ABB001ADCDC /* PBXContainerItemProxy */;
		};
/* End PBXTargetDependency section */

/* Begin XCBuildConfiguration section */
		55A66CD4305C3B33001ADCDC /* Debug configuration for PBXProject "CarPlayLyrics" */ = {
			isa = XCBuildConfiguration;
			buildSettings = {
				ALWAYS_SEARCH_USER_PATHS = NO;
				ASSETCATALOG_COMPILER_GENERATE_SWIFT_ASSET_SYMBOL_EXTENSIONS = YES;
				CLANG_ANALYZER_NONNULL = YES;
				CLANG_ANALYZER_NUMBER_OBJECT_CONVERSION = YES_AGGRESSIVE;
				CLANG_CXX_LANGUAGE_STANDARD = "gnu++20";
				CLANG_ENABLE_MODULES = YES;
				CLANG_ENABLE_OBJC_ARC = YES;
				CLANG_ENABLE_OBJC_WEAK = YES;
				CLANG_WARN_BLOCK_CAPTURE_AUTORELEASING = YES;
				CLANG_WARN_BOOL_CONVERSION = YES;
				CLANG_WARN_COMMA = YES;
				CLANG_WARN_CONSTANT_CONVERSION = YES;
				CLANG_WARN_DEPRECATED_OBJC_IMPLEMENTATIONS = YES;
				CLANG_WARN_DIRECT_OBJC_ISA_USAGE = YES_ERROR;
				CLANG_WARN_DOCUMENTATION_COMMENTS = YES;
				CLANG_WARN_EMPTY_BODY = YES;
				CLANG_WARN_ENUM_CONVERSION = YES;
				CLANG_WARN_INFINITE_RECURSION = YES;
				CLANG_WARN_INT_CONVERSION = YES;
				CLANG_WARN_NON_LITERAL_NULL_CONVERSION = YES;
				CLANG_WARN_OBJC_IMPLICIT_RETAIN_SELF = YES;
				CLANG_WARN_OBJC_LITERAL_CONVERSION = YES;
				CLANG_WARN_OBJC_ROOT_CLASS = YES_ERROR;
				CLANG_WARN_QUOTED_INCLUDE_IN_FRAMEWORK_HEADER = YES;
				CLANG_WARN_RANGE_LOOP_ANALYSIS = YES;
				CLANG_WARN_STRICT_PROTOTYPES = YES;
				CLANG_WARN_SUSPICIOUS_MOVE = YES;
				CLANG_WARN_UNGUARDED_AVAILABILITY = YES_AGGRESSIVE;
				CLANG_WARN_UNREACHABLE_CODE = YES;
				CLANG_WARN__DUPLICATE_METHOD_MATCH = YES;
				COPY_PHASE_STRIP = NO;
				DEBUG_INFORMATION_FORMAT = dwarf;
				DEVELOPMENT_TEAM = TV279PMMV8;
				ENABLE_STRICT_OBJC_MSGSEND = YES;
				ENABLE_TESTABILITY = YES;
				ENABLE_USER_SCRIPT_SANDBOXING = YES;
				GCC_C_LANGUAGE_STANDARD = gnu17;
				GCC_DYNAMIC_NO_PIC = NO;
				GCC_NO_COMMON_BLOCKS = YES;
				GCC_OPTIMIZATION_LEVEL = 0;
				GCC_PREPROCESSOR_DEFINITIONS = (
					"DEBUG=1",
					"$(inherited)",
				);
				GCC_WARN_64_TO_32_BIT_CONVERSION = YES;
				GCC_WARN_ABOUT_RETURN_TYPE = YES_ERROR;
				GCC_WARN_UNDECLARED_SELECTOR = YES;
				GCC_WARN_UNINITIALIZED_AUTOS = YES_AGGRESSIVE;
				GCC_WARN_UNUSED_FUNCTION = YES;
				GCC_WARN_UNUSED_VARIABLE = YES;
				IPHONEOS_DEPLOYMENT_TARGET = 26.0;
				LOCALIZATION_PREFERS_STRING_CATALOGS = YES;
				MTL_ENABLE_DEBUG_INFO = INCLUDE_SOURCE;
				MTL_FAST_MATH = YES;
				ONLY_ACTIVE_ARCH = YES;
				SDKROOT = iphoneos;
				SWIFT_ACTIVE_COMPILATION_CONDITIONS = "DEBUG $(inherited)";
				SWIFT_OPTIMIZATION_LEVEL = "-Onone";
			};
			name = Debug;
		};
		55A66CD5305C3B33001ADCDC /* Release configuration for PBXProject "CarPlayLyrics" */ = {
			isa = XCBuildConfiguration;
			buildSettings = {
				ALWAYS_SEARCH_USER_PATHS = NO;
				ASSETCATALOG_COMPILER_GENERATE_SWIFT_ASSET_SYMBOL_EXTENSIONS = YES;
				CLANG_ANALYZER_NONNULL = YES;
				CLANG_ANALYZER_NUMBER_OBJECT_CONVERSION = YES_AGGRESSIVE;
				CLANG_CXX_LANGUAGE_STANDARD = "gnu++20";
				CLANG_ENABLE_MODULES = YES;
				CLANG_ENABLE_OBJC_ARC = YES;
				CLANG_ENABLE_OBJC_WEAK = YES;
				CLANG_WARN_BLOCK_CAPTURE_AUTORELEASING = YES;
				CLANG_WARN_BOOL_CONVERSION = YES;
				CLANG_WARN_COMMA = YES;
				CLANG_WARN_CONSTANT_CONVERSION = YES;
				CLANG_WARN_DEPRECATED_OBJC_IMPLEMENTATIONS = YES;
				CLANG_WARN_DIRECT_OBJC_ISA_USAGE = YES_ERROR;
				CLANG_WARN_DOCUMENTATION_COMMENTS = YES;
				CLANG_WARN_EMPTY_BODY = YES;
				CLANG_WARN_ENUM_CONVERSION = YES;
				CLANG_WARN_INFINITE_RECURSION = YES;
				CLANG_WARN_INT_CONVERSION = YES;
				CLANG_WARN_NON_LITERAL_NULL_CONVERSION = YES;
				CLANG_WARN_OBJC_IMPLICIT_RETAIN_SELF = YES;
				CLANG_WARN_OBJC_LITERAL_CONVERSION = YES;
				CLANG_WARN_OBJC_ROOT_CLASS = YES_ERROR;
				CLANG_WARN_QUOTED_INCLUDE_IN_FRAMEWORK_HEADER = YES;
				CLANG_WARN_RANGE_LOOP_ANALYSIS = YES;
				CLANG_WARN_STRICT_PROTOTYPES = YES;
				CLANG_WARN_SUSPICIOUS_MOVE = YES;
				CLANG_WARN_UNGUARDED_AVAILABILITY = YES_AGGRESSIVE;
				CLANG_WARN_UNREACHABLE_CODE = YES;
				CLANG_WARN__DUPLICATE_METHOD_MATCH = YES;
				COPY_PHASE_STRIP = NO;
				DEBUG_INFORMATION_FORMAT = "dwarf-with-dsym";
				DEVELOPMENT_TEAM = TV279PMMV8;
				ENABLE_NS_ASSERTIONS = NO;
				ENABLE_STRICT_OBJC_MSGSEND = YES;
				ENABLE_USER_SCRIPT_SANDBOXING = YES;
				GCC_C_LANGUAGE_STANDARD = gnu17;
				GCC_NO_COMMON_BLOCKS = YES;
				GCC_WARN_64_TO_32_BIT_CONVERSION = YES;
				GCC_WARN_ABOUT_RETURN_TYPE = YES_ERROR;
				GCC_WARN_UNDECLARED_SELECTOR = YES;
				GCC_WARN_UNINITIALIZED_AUTOS = YES_AGGRESSIVE;
				GCC_WARN_UNUSED_FUNCTION = YES;
				GCC_WARN_UNUSED_VARIABLE = YES;
				IPHONEOS_DEPLOYMENT_TARGET = 26.0;
				LOCALIZATION_PREFERS_STRING_CATALOGS = YES;
				MTL_ENABLE_DEBUG_INFO = NO;
				MTL_FAST_MATH = YES;
				SDKROOT = iphoneos;
				SWIFT_COMPILATION_MODE = wholemodule;
				VALIDATE_PRODUCT = YES;
			};
			name = Release;
		};
		55A66CD7305C3B33001ADCDC /* Debug configuration for PBXNativeTarget "CarPlayLyrics" */ = {
			isa = XCBuildConfiguration;
			buildSettings = {
				ASSETCATALOG_COMPILER_APPICON_NAME = AppIcon;
				ASSETCATALOG_COMPILER_GLOBAL_ACCENT_COLOR_NAME = AccentColor;
				CODE_SIGN_STYLE = Automatic;
				CURRENT_PROJECT_VERSION = 1;
				DEVELOPMENT_TEAM = TV279PMMV8;
				ENABLE_PREVIEWS = YES;
				GENERATE_INFOPLIST_FILE = YES;
				INFOPLIST_FILE = "CarPlayLyrics-Info.plist";
				INFOPLIST_KEY_NSLocationAlwaysAndWhenInUseUsageDescription = "Choose Always to keep lyrics moving while the phone is locked without the blue location arrow. Your location is not stored or used.";
				INFOPLIST_KEY_NSLocationWhenInUseUsageDescription = "Keeps Apple Music reporting the song position while the phone is locked, so the lyrics keep moving. Your location is not stored or used.";
				INFOPLIST_KEY_NSAppleMusicUsageDescription = "CarPlay Lyrics tracks your currently playing music to display real-time synchronized lyrics.";
				INFOPLIST_KEY_NSSupportsLiveActivities = YES;
				INFOPLIST_KEY_UIApplicationSceneManifest_Generation = YES;
				INFOPLIST_KEY_UIApplicationSupportsIndirectInputEvents = YES;
				INFOPLIST_KEY_UILaunchScreen_Generation = YES;
				INFOPLIST_KEY_UISupportedInterfaceOrientations_iPad = "UIInterfaceOrientationPortrait UIInterfaceOrientationPortraitUpsideDown UIInterfaceOrientationLandscapeLeft UIInterfaceOrientationLandscapeRight";
				INFOPLIST_KEY_UISupportedInterfaceOrientations_iPhone = "UIInterfaceOrientationPortrait UIInterfaceOrientationLandscapeLeft UIInterfaceOrientationLandscapeRight";
				LD_RUNPATH_SEARCH_PATHS = (
					"$(inherited)",
					"@executable_path/Frameworks",
				);
				MARKETING_VERSION = 1.0;
				PRODUCT_BUNDLE_IDENTIFIER = com.atul.CarPlayLyrics;
				PRODUCT_NAME = "$(TARGET_NAME)";
				STRING_CATALOG_GENERATE_SYMBOLS = YES;
				SWIFT_APPROACHABLE_CONCURRENCY = YES;
				SWIFT_DEFAULT_ACTOR_ISOLATION = MainActor;
				SWIFT_EMIT_LOC_STRINGS = YES;
				SWIFT_UPCOMING_FEATURE_MEMBER_IMPORT_VISIBILITY = YES;
				SWIFT_VERSION = 5.0;
				TARGETED_DEVICE_FAMILY = "1,2";
			};
			name = Debug;
		};
		55A66CD8305C3B33001ADCDC /* Release configuration for PBXNativeTarget "CarPlayLyrics" */ = {
			isa = XCBuildConfiguration;
			buildSettings = {
				ASSETCATALOG_COMPILER_APPICON_NAME = AppIcon;
				ASSETCATALOG_COMPILER_GLOBAL_ACCENT_COLOR_NAME = AccentColor;
				CODE_SIGN_STYLE = Automatic;
				CURRENT_PROJECT_VERSION = 1;
				DEVELOPMENT_TEAM = TV279PMMV8;
				ENABLE_PREVIEWS = YES;
				GENERATE_INFOPLIST_FILE = YES;
				INFOPLIST_FILE = "CarPlayLyrics-Info.plist";
				INFOPLIST_KEY_NSLocationAlwaysAndWhenInUseUsageDescription = "Choose Always to keep lyrics moving while the phone is locked without the blue location arrow. Your location is not stored or used.";
				INFOPLIST_KEY_NSLocationWhenInUseUsageDescription = "Keeps Apple Music reporting the song position while the phone is locked, so the lyrics keep moving. Your location is not stored or used.";
				INFOPLIST_KEY_NSAppleMusicUsageDescription = "CarPlay Lyrics tracks your currently playing music to display real-time synchronized lyrics.";
				INFOPLIST_KEY_NSSupportsLiveActivities = YES;
				INFOPLIST_KEY_UIApplicationSceneManifest_Generation = YES;
				INFOPLIST_KEY_UIApplicationSupportsIndirectInputEvents = YES;
				INFOPLIST_KEY_UILaunchScreen_Generation = YES;
				INFOPLIST_KEY_UISupportedInterfaceOrientations_iPad = "UIInterfaceOrientationPortrait UIInterfaceOrientationPortraitUpsideDown UIInterfaceOrientationLandscapeLeft UIInterfaceOrientationLandscapeRight";
				INFOPLIST_KEY_UISupportedInterfaceOrientations_iPhone = "UIInterfaceOrientationPortrait UIInterfaceOrientationLandscapeLeft UIInterfaceOrientationLandscapeRight";
				LD_RUNPATH_SEARCH_PATHS = (
					"$(inherited)",
					"@executable_path/Frameworks",
				);
				MARKETING_VERSION = 1.0;
				PRODUCT_BUNDLE_IDENTIFIER = com.atul.CarPlayLyrics;
				PRODUCT_NAME = "$(TARGET_NAME)";
				STRING_CATALOG_GENERATE_SYMBOLS = YES;
				SWIFT_APPROACHABLE_CONCURRENCY = YES;
				SWIFT_DEFAULT_ACTOR_ISOLATION = MainActor;
				SWIFT_EMIT_LOC_STRINGS = YES;
				SWIFT_UPCOMING_FEATURE_MEMBER_IMPORT_VISIBILITY = YES;
				SWIFT_VERSION = 5.0;
				TARGETED_DEVICE_FAMILY = "1,2";
			};
			name = Release;
		};
		55A66D13305C4ABB001ADCDC /* Debug configuration for PBXNativeTarget "LyricsWidgetExtensionExtension" */ = {
			isa = XCBuildConfiguration;
			buildSettings = {
				ASSETCATALOG_COMPILER_GLOBAL_ACCENT_COLOR_NAME = AccentColor;
				ASSETCATALOG_COMPILER_WIDGET_BACKGROUND_COLOR_NAME = WidgetBackground;
				CODE_SIGN_STYLE = Automatic;
				CURRENT_PROJECT_VERSION = 1;
				DEVELOPMENT_TEAM = TV279PMMV8;
				GENERATE_INFOPLIST_FILE = YES;
				INFOPLIST_FILE = LyricsWidgetExtension/Info.plist;
				INFOPLIST_KEY_CFBundleDisplayName = LyricsWidgetExtension;
				INFOPLIST_KEY_NSHumanReadableCopyright = "";
				LD_RUNPATH_SEARCH_PATHS = (
					"$(inherited)",
					"@executable_path/Frameworks",
					"@executable_path/../../Frameworks",
				);
				MARKETING_VERSION = 1.0;
				PRODUCT_BUNDLE_IDENTIFIER = com.atul.CarPlayLyrics.LyricsWidgetExtension;
				PRODUCT_NAME = "$(TARGET_NAME)";
				SKIP_INSTALL = YES;
				STRING_CATALOG_GENERATE_SYMBOLS = YES;
				SWIFT_APPROACHABLE_CONCURRENCY = YES;
				SWIFT_EMIT_LOC_STRINGS = YES;
				SWIFT_UPCOMING_FEATURE_MEMBER_IMPORT_VISIBILITY = YES;
				SWIFT_VERSION = 5.0;
				TARGETED_DEVICE_FAMILY = "1,2";
			};
			name = Debug;
		};
		55A66D14305C4ABB001ADCDC /* Release configuration for PBXNativeTarget "LyricsWidgetExtensionExtension" */ = {
			isa = XCBuildConfiguration;
			buildSettings = {
				ASSETCATALOG_COMPILER_GLOBAL_ACCENT_COLOR_NAME = AccentColor;
				ASSETCATALOG_COMPILER_WIDGET_BACKGROUND_COLOR_NAME = WidgetBackground;
				CODE_SIGN_STYLE = Automatic;
				CURRENT_PROJECT_VERSION = 1;
				DEVELOPMENT_TEAM = TV279PMMV8;
				GENERATE_INFOPLIST_FILE = YES;
				INFOPLIST_FILE = LyricsWidgetExtension/Info.plist;
				INFOPLIST_KEY_CFBundleDisplayName = LyricsWidgetExtension;
				INFOPLIST_KEY_NSHumanReadableCopyright = "";
				LD_RUNPATH_SEARCH_PATHS = (
					"$(inherited)",
					"@executable_path/Frameworks",
					"@executable_path/../../Frameworks",
				);
				MARKETING_VERSION = 1.0;
				PRODUCT_BUNDLE_IDENTIFIER = com.atul.CarPlayLyrics.LyricsWidgetExtension;
				PRODUCT_NAME = "$(TARGET_NAME)";
				SKIP_INSTALL = YES;
				STRING_CATALOG_GENERATE_SYMBOLS = YES;
				SWIFT_APPROACHABLE_CONCURRENCY = YES;
				SWIFT_EMIT_LOC_STRINGS = YES;
				SWIFT_UPCOMING_FEATURE_MEMBER_IMPORT_VISIBILITY = YES;
				SWIFT_VERSION = 5.0;
				TARGETED_DEVICE_FAMILY = "1,2";
			};
			name = Release;
		};
/* End XCBuildConfiguration section */

/* Begin XCConfigurationList section */
		55A66CC6305C3B32001ADCDC /* Build configuration list for PBXProject "CarPlayLyrics" */ = {
			isa = XCConfigurationList;
			buildConfigurations = (
				55A66CD4305C3B33001ADCDC /* Debug configuration for PBXProject "CarPlayLyrics" */,
				55A66CD5305C3B33001ADCDC /* Release configuration for PBXProject "CarPlayLyrics" */,
			);
			defaultConfigurationName = Release;
		};
		55A66CD6305C3B33001ADCDC /* Build configuration list for PBXNativeTarget "CarPlayLyrics" */ = {
			isa = XCConfigurationList;
			buildConfigurations = (
				55A66CD7305C3B33001ADCDC /* Debug configuration for PBXNativeTarget "CarPlayLyrics" */,
				55A66CD8305C3B33001ADCDC /* Release configuration for PBXNativeTarget "CarPlayLyrics" */,
			);
			defaultConfigurationName = Release;
		};
		55A66D16305C4ABB001ADCDC /* Build configuration list for PBXNativeTarget "LyricsWidgetExtensionExtension" */ = {
			isa = XCConfigurationList;
			buildConfigurations = (
				55A66D13305C4ABB001ADCDC /* Debug configuration for PBXNativeTarget "LyricsWidgetExtensionExtension" */,
				55A66D14305C4ABB001ADCDC /* Release configuration for PBXNativeTarget "LyricsWidgetExtensionExtension" */,
			);
			defaultConfigurationName = Release;
		};
/* End XCConfigurationList section */
	};
	rootObject = 55A66CC3305C3B32001ADCDC /* Project object */;
	validationLevel = 1;
}
